
Microsoft Visual Studio Solution File, Format Version 12.00
# Visual Studio 15
VisualStudioVersion = 15.0.28307.572
MinimumVisualStudioVersion = 10.0.40219.1
Project("{FAE04EC0-301F-11D3-BF4B-00C04F79EFBC}") = "nTermsNaturalNumbers", "nTermsNaturalNumbers\nTermsNaturalNumbers.csproj", "{ED601A3F-D750-48F8-A8DD-75DA4C6D7CE8}"
EndProject
Global
	GlobalSection(SolutionConfigurationPlatforms) = preSolution
		Debug|Any CPU = Debug|Any CPU
		Release|Any CPU = Release|Any CPU
	EndGlobalSection
	GlobalSection(ProjectConfigurationPlatforms) = postSolution
		{ED601A3F-D750-48F8-A8DD-75DA4C6D7CE8}.Debug|Any CPU.ActiveCfg = Debug|Any CPU
		{ED601A3F-D750-48F8-A8DD-75DA4C6D7CE8}.Debug|Any CPU.Build.0 = Debug|Any CPU
		{ED601A3F-D750-48F8-A8DD-75DA4C6D7CE8}.Release|Any CPU.ActiveCfg = Release|Any CPU
		{ED601A3F-D750-48F8-A8DD-75DA4C6D7CE8}.Release|Any CPU.Build.0 = Release|Any CPU
	EndGlobalSection
	GlobalSection(SolutionProperties) = preSolution
		HideSolutionNode = FALSE
	EndGlobalSection
	GlobalSection(ExtensibilityGlobals) = postSolution
		SolutionGuid = {B9D4592C-93BB-41A6-87AF-A746C942C4FC}
	EndGlobalSection
EndGlobal
